
Microsoft Visual Studio Solution File, Format Version 12.00
# Visual Studio 14
VisualStudioVersion = 14.0.23107.0
MinimumVisualStudioVersion = 10.0.40219.1
Project("{8BC9CEB8-8B4A-11D0-8D11-00A0C91BC942}") = "HFProtocol", "HFProtocol\HFProtocol.vcxproj", "{2AF76051-9FD8-4BEE-B88D-FC3670951451}"
EndProject
Project("{8BC9CEB8-8B4A-11D0-8D11-00A0C91BC942}") = "MIL141Bpro", "MIL141Bpro\MIL141Bpro.vcxproj", "{5E96D735-491D-43A9-8722-8B797C44BAD2}"
EndProject
Project("{8BC9CEB8-8B4A-11D0-8D11-00A0C91BC942}") = "ProtolDetect", "ProtolDetect\ProtolDetect.vcxproj", "{EBA360DF-3A0D-49D1-9D85-088D33F9422E}"
EndProject
Project("{8BC9CEB8-8B4A-11D0-8D11-00A0C91BC942}") = "MIL110Apro", "MIL110Apro\MIL110Apro.vcxproj", "{87301A72-490A-491A-A4A9-F6EE8337AF6F}"
EndProject
Project("{8BC9CEB8-8B4A-11D0-8D11-00A0C91BC942}") = "MIL110Bpro", "MIL110Bpro\MIL110Bpro.vcxproj", "{AB301F0C-3DBD-436C-A58E-2EDDBA146629}"
EndProject
Project("{8BC9CEB8-8B4A-11D0-8D11-00A0C91BC942}") = "Link11SLEW", "Link11SLEW\Link11SLEW.vcxproj", "{78BB37AD-CEF1-402A-A8A5-D823A8CFCE4E}"
EndProject
Project("{8BC9CEB8-8B4A-11D0-8D11-00A0C91BC942}") = "Link11CLEW", "Link11CLEW\Link11CLEW.vcxproj", "{CA64A3AB-68BF-437E-9DD7-25FBD529BA42}"
EndProject
Project("{8BC9CEB8-8B4A-11D0-8D11-00A0C91BC942}") = "NATO4285pro", "NATO4285pro\NATO4285pro.vcxproj", "{0F754BCB-8479-45C1-AE34-DDF547F05777}"
EndProject
Project("{8BC9CEB8-8B4A-11D0-8D11-00A0C91BC942}") = "NATO4529pro", "NATO4529pro\NATO4529pro.vcxproj", "{B7A1D0BE-0D67-4800-9EF5-14968AA09365}"
EndProject
Project("{8BC9CEB8-8B4A-11D0-8D11-00A0C91BC942}") = "MIL141Apro", "MIL141Apro\MIL141Apro.vcxproj", "{898C4D98-5AA6-4763-B1CF-70B467F55DBC}"
EndProject
Project("{8BC9CEB8-8B4A-11D0-8D11-00A0C91BC942}") = "Test", "Test\Test.vcxproj", "{E69D7B7E-1AAE-400E-8A7D-E64F61F82273}"
EndProject
Global
	GlobalSection(SolutionConfigurationPlatforms) = preSolution
		Debug|Win32 = Debug|Win32
		Debug|x64 = Debug|x64
		Release|Win32 = Release|Win32
		Release|x64 = Release|x64
	EndGlobalSection
	GlobalSection(ProjectConfigurationPlatforms) = postSolution
		{2AF76051-9FD8-4BEE-B88D-FC3670951451}.Debug|Win32.ActiveCfg = Debug|Win32
		{2AF76051-9FD8-4BEE-B88D-FC3670951451}.Debug|Win32.Build.0 = Debug|Win32
		{2AF76051-9FD8-4BEE-B88D-FC3670951451}.Debug|x64.ActiveCfg = Debug|Win32
		{2AF76051-9FD8-4BEE-B88D-FC3670951451}.Release|Win32.ActiveCfg = Release|Win32
		{2AF76051-9FD8-4BEE-B88D-FC3670951451}.Release|Win32.Build.0 = Release|Win32
		{2AF76051-9FD8-4BEE-B88D-FC3670951451}.Release|x64.ActiveCfg = Release|Win32
		{5E96D735-491D-43A9-8722-8B797C44BAD2}.Debug|Win32.ActiveCfg = Debug|Win32
		{5E96D735-491D-43A9-8722-8B797C44BAD2}.Debug|Win32.Build.0 = Debug|Win32
		{5E96D735-491D-43A9-8722-8B797C44BAD2}.Debug|x64.ActiveCfg = Debug|Win32
		{5E96D735-491D-43A9-8722-8B797C44BAD2}.Release|Win32.ActiveCfg = Release|Win32
		{5E96D735-491D-43A9-8722-8B797C44BAD2}.Release|Win32.Build.0 = Release|Win32
		{5E96D735-491D-43A9-8722-8B797C44BAD2}.Release|x64.ActiveCfg = Release|Win32
		{EBA360DF-3A0D-49D1-9D85-088D33F9422E}.Debug|Win32.ActiveCfg = Debug|Win32
		{EBA360DF-3A0D-49D1-9D85-088D33F9422E}.Debug|Win32.Build.0 = Debug|Win32
		{EBA360DF-3A0D-49D1-9D85-088D33F9422E}.Debug|x64.ActiveCfg = Debug|Win32
		{EBA360DF-3A0D-49D1-9D85-088D33F9422E}.Release|Win32.ActiveCfg = Release|Win32
		{EBA360DF-3A0D-49D1-9D85-088D33F9422E}.Release|Win32.Build.0 = Release|Win32
		{EBA360DF-3A0D-49D1-9D85-088D33F9422E}.Release|x64.ActiveCfg = Release|Win32
		{87301A72-490A-491A-A4A9-F6EE8337AF6F}.Debug|Win32.ActiveCfg = Debug|Win32
		{87301A72-490A-491A-A4A9-F6EE8337AF6F}.Debug|Win32.Build.0 = Debug|Win32
		{87301A72-490A-491A-A4A9-F6EE8337AF6F}.Debug|x64.ActiveCfg = Debug|Win32
		{87301A72-490A-491A-A4A9-F6EE8337AF6F}.Release|Win32.ActiveCfg = Release|Win32
		{87301A72-490A-491A-A4A9-F6EE8337AF6F}.Release|Win32.Build.0 = Release|Win32
		{87301A72-490A-491A-A4A9-F6EE8337AF6F}.Release|x64.ActiveCfg = Release|Win32
		{AB301F0C-3DBD-436C-A58E-2EDDBA146629}.Debug|Win32.ActiveCfg = Debug|Win32
		{AB301F0C-3DBD-436C-A58E-2EDDBA146629}.Debug|Win32.Build.0 = Debug|Win32
		{AB301F0C-3DBD-436C-A58E-2EDDBA146629}.Debug|x64.ActiveCfg = Debug|Win32
		{AB301F0C-3DBD-436C-A58E-2EDDBA146629}.Release|Win32.ActiveCfg = Release|Win32
		{AB301F0C-3DBD-436C-A58E-2EDDBA146629}.Release|Win32.Build.0 = Release|Win32
		{AB301F0C-3DBD-436C-A58E-2EDDBA146629}.Release|x64.ActiveCfg = Release|Win32
		{78BB37AD-CEF1-402A-A8A5-D823A8CFCE4E}.Debug|Win32.ActiveCfg = Debug|Win32
		{78BB37AD-CEF1-402A-A8A5-D823A8CFCE4E}.Debug|Win32.Build.0 = Debug|Win32
		{78BB37AD-CEF1-402A-A8A5-D823A8CFCE4E}.Debug|x64.ActiveCfg = Debug|Win32
		{78BB37AD-CEF1-402A-A8A5-D823A8CFCE4E}.Release|Win32.ActiveCfg = Release|Win32
		{78BB37AD-CEF1-402A-A8A5-D823A8CFCE4E}.Release|Win32.Build.0 = Release|Win32
		{78BB37AD-CEF1-402A-A8A5-D823A8CFCE4E}.Release|x64.ActiveCfg = Release|Win32
		{CA64A3AB-68BF-437E-9DD7-25FBD529BA42}.Debug|Win32.ActiveCfg = Debug|Win32
		{CA64A3AB-68BF-437E-9DD7-25FBD529BA42}.Debug|Win32.Build.0 = Debug|Win32
		{CA64A3AB-68BF-437E-9DD7-25FBD529BA42}.Debug|x64.ActiveCfg = Debug|Win32
		{CA64A3AB-68BF-437E-9DD7-25FBD529BA42}.Release|Win32.ActiveCfg = Release|Win32
		{CA64A3AB-68BF-437E-9DD7-25FBD529BA42}.Release|Win32.Build.0 = Release|Win32
		{CA64A3AB-68BF-437E-9DD7-25FBD529BA42}.Release|x64.ActiveCfg = Release|Win32
		{0F754BCB-8479-45C1-AE34-DDF547F05777}.Debug|Win32.ActiveCfg = Debug|Win32
		{0F754BCB-8479-45C1-AE34-DDF547F05777}.Debug|Win32.Build.0 = Debug|Win32
		{0F754BCB-8479-45C1-AE34-DDF547F05777}.Debug|x64.ActiveCfg = Debug|Win32
		{0F754BCB-8479-45C1-AE34-DDF547F05777}.Release|Win32.ActiveCfg = Release|Win32
		{0F754BCB-8479-45C1-AE34-DDF547F05777}.Release|Win32.Build.0 = Release|Win32
		{0F754BCB-8479-45C1-AE34-DDF547F05777}.Release|x64.ActiveCfg = Release|Win32
		{B7A1D0BE-0D67-4800-9EF5-14968AA09365}.Debug|Win32.ActiveCfg = Debug|Win32
		{B7A1D0BE-0D67-4800-9EF5-14968AA09365}.Debug|Win32.Build.0 = Debug|Win32
		{B7A1D0BE-0D67-4800-9EF5-14968AA09365}.Debug|x64.ActiveCfg = Debug|Win32
		{B7A1D0BE-0D67-4800-9EF5-14968AA09365}.Release|Win32.ActiveCfg = Release|Win32
		{B7A1D0BE-0D67-4800-9EF5-14968AA09365}.Release|Win32.Build.0 = Release|Win32
		{B7A1D0BE-0D67-4800-9EF5-14968AA09365}.Release|x64.ActiveCfg = Release|Win32
		{898C4D98-5AA6-4763-B1CF-70B467F55DBC}.Debug|Win32.ActiveCfg = Debug|Win32
		{898C4D98-5AA6-4763-B1CF-70B467F55DBC}.Debug|Win32.Build.0 = Debug|Win32
		{898C4D98-5AA6-4763-B1CF-70B467F55DBC}.Debug|x64.ActiveCfg = Debug|Win32
		{898C4D98-5AA6-4763-B1CF-70B467F55DBC}.Release|Win32.ActiveCfg = Release|Win32
		{898C4D98-5AA6-4763-B1CF-70B467F55DBC}.Release|Win32.Build.0 = Release|Win32
		{898C4D98-5AA6-4763-B1CF-70B467F55DBC}.Release|x64.ActiveCfg = Release|Win32
		{E69D7B7E-1AAE-400E-8A7D-E64F61F82273}.Debug|Win32.ActiveCfg = Debug|Win32
		{E69D7B7E-1AAE-400E-8A7D-E64F61F82273}.Debug|Win32.Build.0 = Debug|Win32
		{E69D7B7E-1AAE-400E-8A7D-E64F61F82273}.Debug|x64.ActiveCfg = Debug|x64
		{E69D7B7E-1AAE-400E-8A7D-E64F61F82273}.Debug|x64.Build.0 = Debug|x64
		{E69D7B7E-1AAE-400E-8A7D-E64F61F82273}.Release|Win32.ActiveCfg = Release|Win32
		{E69D7B7E-1AAE-400E-8A7D-E64F61F82273}.Release|Win32.Build.0 = Release|Win32
		{E69D7B7E-1AAE-400E-8A7D-E64F61F82273}.Release|x64.ActiveCfg = Release|x64
		{E69D7B7E-1AAE-400E-8A7D-E64F61F82273}.Release|x64.Build.0 = Release|x64
	EndGlobalSection
	GlobalSection(SolutionProperties) = preSolution
		HideSolutionNode = FALSE
	EndGlobalSection
EndGlobal
